
Microsoft Visual Studio Solution File, Format Version 12.00
# Visual Studio Version 16
VisualStudioVersion = 16.0.28621.142
MinimumVisualStudioVersion = 10.0.40219.1
Project("{FAE04EC0-301F-11D3-BF4B-00C04F79EFBC}") = "Rich Textbox", "Rich Textbox\Rich Textbox.csproj", "{8DF8E321-1316-4D09-960A-ACDA881290AB}"
EndProject
Project("{FAE04EC0-301F-11D3-BF4B-00C04F79EFBC}") = "UWP Editor", "UWP Editor\UWP Editor.csproj", "{0C97B54B-A490-431B-9E25-6925A655DBDA}"
EndProject
Global
	GlobalSection(SolutionConfigurationPlatforms) = preSolution
		Debug|Any CPU = Debug|Any CPU
		Debug|ARM = Debug|ARM
		Debug|ARM64 = Debug|ARM64
		Debug|x64 = Debug|x64
		Debug|x86 = Debug|x86
		Release|Any CPU = Release|Any CPU
		Release|ARM = Release|ARM
		Release|ARM64 = Release|ARM64
		Release|x64 = Release|x64
		Release|x86 = Release|x86
	EndGlobalSection
	GlobalSection(ProjectConfigurationPlatforms) = postSolution
		{8DF8E321-1316-4D09-960A-ACDA881290AB}.Debug|Any CPU.ActiveCfg = Debug|Any CPU
		{8DF8E321-1316-4D09-960A-ACDA881290AB}.Debug|Any CPU.Build.0 = Debug|Any CPU
		{8DF8E321-1316-4D09-960A-ACDA881290AB}.Debug|ARM.ActiveCfg = Debug|Any CPU
		{8DF8E321-1316-4D09-960A-ACDA881290AB}.Debug|ARM.Build.0 = Debug|Any CPU
		{8DF8E321-1316-4D09-960A-ACDA881290AB}.Debug|ARM64.ActiveCfg = Debug|Any CPU
		{8DF8E321-1316-4D09-960A-ACDA881290AB}.Debug|ARM64.Build.0 = Debug|Any CPU
		{8DF8E321-1316-4D09-960A-ACDA881290AB}.Debug|x64.ActiveCfg = Debug|Any CPU
		{8DF8E321-1316-4D09-960A-ACDA881290AB}.Debug|x64.Build.0 = Debug|Any CPU
		{8DF8E321-1316-4D09-960A-ACDA881290AB}.Debug|x86.ActiveCfg = Debug|Any CPU
		{8DF8E321-1316-4D09-960A-ACDA881290AB}.Debug|x86.Build.0 = Debug|Any CPU
		{8DF8E321-1316-4D09-960A-ACDA881290AB}.Release|Any CPU.ActiveCfg = Release|Any CPU
		{8DF8E321-1316-4D09-960A-ACDA881290AB}.Release|Any CPU.Build.0 = Release|Any CPU
		{8DF8E321-1316-4D09-960A-ACDA881290AB}.Release|ARM.ActiveCfg = Release|Any CPU
		{8DF8E321-1316-4D09-960A-ACDA881290AB}.Release|ARM.Build.0 = Release|Any CPU
		{8DF8E321-1316-4D09-960A-ACDA881290AB}.Release|ARM64.ActiveCfg = Release|Any CPU
		{8DF8E321-1316-4D09-960A-ACDA881290AB}.Release|ARM64.Build.0 = Release|Any CPU
		{8DF8E321-1316-4D09-960A-ACDA881290AB}.Release|x64.ActiveCfg = Release|Any CPU
		{8DF8E321-1316-4D09-960A-ACDA881290AB}.Release|x64.Build.0 = Release|Any CPU
		{8DF8E321-1316-4D09-960A-ACDA881290AB}.Release|x86.ActiveCfg = Release|Any CPU
		{8DF8E321-1316-4D09-960A-ACDA881290AB}.Release|x86.Build.0 = Release|Any CPU
		{0C97B54B-A490-431B-9E25-6925A655DBDA}.Debug|Any CPU.ActiveCfg = Debug|x86
		{0C97B54B-A490-431B-9E25-6925A655DBDA}.Debug|ARM.ActiveCfg = Debug|ARM
		{0C97B54B-A490-431B-9E25-6925A655DBDA}.Debug|ARM.Build.0 = Debug|ARM
		{0C97B54B-A490-431B-9E25-6925A655DBDA}.Debug|ARM.Deploy.0 = Debug|ARM
		{0C97B54B-A490-431B-9E25-6925A655DBDA}.Debug|ARM64.ActiveCfg = Debug|ARM64
		{0C97B54B-A490-431B-9E25-6925A655DBDA}.Debug|ARM64.Build.0 = Debug|ARM64
		{0C97B54B-A490-431B-9E25-6925A655DBDA}.Debug|ARM64.Deploy.0 = Debug|ARM64
		{0C97B54B-A490-431B-9E25-6925A655DBDA}.Debug|x64.ActiveCfg = Debug|x64
		{0C97B54B-A490-431B-9E25-6925A655DBDA}.Debug|x64.Build.0 = Debug|x64
		{0C97B54B-A490-431B-9E25-6925A655DBDA}.Debug|x64.Deploy.0 = Debug|x64
		{0C97B54B-A490-431B-9E25-6925A655DBDA}.Debug|x86.ActiveCfg = Debug|x86
		{0C97B54B-A490-431B-9E25-6925A655DBDA}.Debug|x86.Build.0 = Debug|x86
		{0C97B54B-A490-431B-9E25-6925A655DBDA}.Debug|x86.Deploy.0 = Debug|x86
		{0C97B54B-A490-431B-9E25-6925A655DBDA}.Release|Any CPU.ActiveCfg = Release|x86
		{0C97B54B-A490-431B-9E25-6925A655DBDA}.Release|ARM.ActiveCfg = Release|ARM
		{0C97B54B-A490-431B-9E25-6925A655DBDA}.Release|ARM.Build.0 = Release|ARM
		{0C97B54B-A490-431B-9E25-6925A655DBDA}.Release|ARM.Deploy.0 = Release|ARM
		{0C97B54B-A490-431B-9E25-6925A655DBDA}.Release|ARM64.ActiveCfg = Release|ARM64
		{0C97B54B-A490-431B-9E25-6925A655DBDA}.Release|ARM64.Build.0 = Release|ARM64
		{0C97B54B-A490-431B-9E25-6925A655DBDA}.Release|ARM64.Deploy.0 = Release|ARM64
		{0C97B54B-A490-431B-9E25-6925A655DBDA}.Release|x64.ActiveCfg = Release|x64
		{0C97B54B-A490-431B-9E25-6925A655DBDA}.Release|x64.Build.0 = Release|x64
		{0C97B54B-A490-431B-9E25-6925A655DBDA}.Release|x64.Deploy.0 = Release|x64
		{0C97B54B-A490-431B-9E25-6925A655DBDA}.Release|x86.ActiveCfg = Release|x86
		{0C97B54B-A490-431B-9E25-6925A655DBDA}.Release|x86.Build.0 = Release|x86
		{0C97B54B-A490-431B-9E25-6925A655DBDA}.Release|x86.Deploy.0 = Release|x86
	EndGlobalSection
	GlobalSection(SolutionProperties) = preSolution
		HideSolutionNode = FALSE
	EndGlobalSection
	GlobalSection(ExtensibilityGlobals) = postSolution
		SolutionGuid = {134D7CB6-55D0-4256-8155-D3B778205E95}
	EndGlobalSection
EndGlobal
